
Microsoft Visual Studio Solution File, Format Version 12.00
# Visual Studio Version 17
VisualStudioVersion = 17.0.31903.59
MinimumVisualStudioVersion = 10.0.40219.1
Project("{FAE04EC0-301F-11D3-BF4B-00C04F79EFBC}") = "ZooFeedingCostCalculator", "ZooFeedingCostCalculator\ZooFeedingCostCalculator.csproj", "{035A1597-0DC4-4F40-B0F6-F33D59C7DD59}"
EndProject
Project("{FAE04EC0-301F-11D3-BF4B-00C04F79EFBC}") = "ZooFeedingCostCalculator.Tests", "ZooFeedingCostCalculator.Tests\ZooFeedingCostCalculator.Tests.csproj", "{E6804D87-DC01-45D8-9878-927941818AA3}"
EndProject
Global
	GlobalSection(SolutionConfigurationPlatforms) = preSolution
		Debug|Any CPU = Debug|Any CPU
		Release|Any CPU = Release|Any CPU
	EndGlobalSection
	GlobalSection(SolutionProperties) = preSolution
		HideSolutionNode = FALSE
	EndGlobalSection
	GlobalSection(ProjectConfigurationPlatforms) = postSolution
		{035A1597-0DC4-4F40-B0F6-F33D59C7DD59}.Debug|Any CPU.ActiveCfg = Debug|Any CPU
		{035A1597-0DC4-4F40-B0F6-F33D59C7DD59}.Debug|Any CPU.Build.0 = Debug|Any CPU
		{035A1597-0DC4-4F40-B0F6-F33D59C7DD59}.Release|Any CPU.ActiveCfg = Release|Any CPU
		{035A1597-0DC4-4F40-B0F6-F33D59C7DD59}.Release|Any CPU.Build.0 = Release|Any CPU
		{E6804D87-DC01-45D8-9878-927941818AA3}.Debug|Any CPU.ActiveCfg = Debug|Any CPU
		{E6804D87-DC01-45D8-9878-927941818AA3}.Debug|Any CPU.Build.0 = Debug|Any CPU
		{E6804D87-DC01-45D8-9878-927941818AA3}.Release|Any CPU.ActiveCfg = Release|Any CPU
		{E6804D87-DC01-45D8-9878-927941818AA3}.Release|Any CPU.Build.0 = Release|Any CPU
	EndGlobalSection
EndGlobal
